
Microsoft Visual Studio Solution File, Format Version 12.00
# Visual Studio Version 17
VisualStudioVersion = 17.8.34601.278
MinimumVisualStudioVersion = 10.0.40219.1
Project("{FAE04EC0-301F-11D3-BF4B-00C04F79EFBC}") = "Operator Overloading#2", "Operator Overloading#2\Operator Overloading#2.csproj", "{0021BDA9-7C29-47BD-907D-EECB08D8AC75}"
EndProject
Global
	GlobalSection(SolutionConfigurationPlatforms) = preSolution
		Debug|Any CPU = Debug|Any CPU
		Release|Any CPU = Release|Any CPU
	EndGlobalSection
	GlobalSection(ProjectConfigurationPlatforms) = postSolution
		{0021BDA9-7C29-47BD-907D-EECB08D8AC75}.Debug|Any CPU.ActiveCfg = Debug|Any CPU
		{0021BDA9-7C29-47BD-907D-EECB08D8AC75}.Debug|Any CPU.Build.0 = Debug|Any CPU
		{0021BDA9-7C29-47BD-907D-EECB08D8AC75}.Release|Any CPU.ActiveCfg = Release|Any CPU
		{0021BDA9-7C29-47BD-907D-EECB08D8AC75}.Release|Any CPU.Build.0 = Release|Any CPU
	EndGlobalSection
	GlobalSection(SolutionProperties) = preSolution
		HideSolutionNode = FALSE
	EndGlobalSection
	GlobalSection(ExtensibilityGlobals) = postSolution
		SolutionGuid = {88D7A573-1B59-4518-A75F-16E8253688AE}
	EndGlobalSection
EndGlobal
